
Microsoft Visual Studio Solution File, Format Version 12.00
# Visual Studio 15
VisualStudioVersion = 15.0.27130.2027
MinimumVisualStudioVersion = 10.0.40219.1
Project("{DA7A21FA-8162-4350-AD77-A8D1B671F3ED}") = "WikiGenerator", "WikiGenerator.rxproj", "{70512CF2-7359-4489-9478-F600726E4A4A}"
EndProject
Global
	GlobalSection(SolutionConfigurationPlatforms) = preSolution
		Debug|Any CPU = Debug|Any CPU
		Release|Any CPU = Release|Any CPU
	EndGlobalSection
	GlobalSection(ProjectConfigurationPlatforms) = postSolution
		{70512CF2-7359-4489-9478-F600726E4A4A}.Debug|Any CPU.ActiveCfg = Debug|Any CPU
		{70512CF2-7359-4489-9478-F600726E4A4A}.Debug|Any CPU.Build.0 = Debug|Any CPU
		{70512CF2-7359-4489-9478-F600726E4A4A}.Release|Any CPU.ActiveCfg = Release|Any CPU
		{70512CF2-7359-4489-9478-F600726E4A4A}.Release|Any CPU.Build.0 = Release|Any CPU
	EndGlobalSection
	GlobalSection(SolutionProperties) = preSolution
		HideSolutionNode = FALSE
	EndGlobalSection
	GlobalSection(ExtensibilityGlobals) = postSolution
		SolutionGuid = {5AAEAA58-4D8E-47DE-A538-8F92654B590A}
	EndGlobalSection
EndGlobal
